
Microsoft Visual Studio Solution File, Format Version 12.00
Project("{FAE04EC0-301F-11D3-BF4B-00C04F79EFBC}") = "TicTacToe.Api", "TicTacToe.Api\TicTacToe.Api.csproj", "{10C00EF7-6D4E-4804-812B-3BC36DC2E2B0}"
EndProject
Global
	GlobalSection(SolutionConfigurationPlatforms) = preSolution
		Debug|Any CPU = Debug|Any CPU
		Release|Any CPU = Release|Any CPU
	EndGlobalSection
	GlobalSection(ProjectConfigurationPlatforms) = postSolution
		{10C00EF7-6D4E-4804-812B-3BC36DC2E2B0}.Debug|Any CPU.ActiveCfg = Debug|Any CPU
		{10C00EF7-6D4E-4804-812B-3BC36DC2E2B0}.Debug|Any CPU.Build.0 = Debug|Any CPU
		{10C00EF7-6D4E-4804-812B-3BC36DC2E2B0}.Release|Any CPU.ActiveCfg = Release|Any CPU
		{10C00EF7-6D4E-4804-812B-3BC36DC2E2B0}.Release|Any CPU.Build.0 = Release|Any CPU
	EndGlobalSection
EndGlobal
